
Microsoft Visual Studio Solution File, Format Version 12.00
# Visual Studio Version 16
VisualStudioVersion = 16.0.32106.194
MinimumVisualStudioVersion = 10.0.40219.1
Project("{FAE04EC0-301F-11D3-BF4B-00C04F79EFBC}") = "frontend", "frontend\frontend.csproj", "{4AF74328-BF66-40CE-A232-833EB8A62837}"
EndProject
Project("{FAE04EC0-301F-11D3-BF4B-00C04F79EFBC}") = "platonWSREST", "platonWSREST\platonWSREST.csproj", "{B9FC510B-051A-42D1-B925-E8337A781FCD}"
EndProject
Global
	GlobalSection(SolutionConfigurationPlatforms) = preSolution
		Debug|Any CPU = Debug|Any CPU
		Release|Any CPU = Release|Any CPU
	EndGlobalSection
	GlobalSection(ProjectConfigurationPlatforms) = postSolution
		{4AF74328-BF66-40CE-A232-833EB8A62837}.Debug|Any CPU.ActiveCfg = Debug|Any CPU
		{4AF74328-BF66-40CE-A232-833EB8A62837}.Debug|Any CPU.Build.0 = Debug|Any CPU
		{4AF74328-BF66-40CE-A232-833EB8A62837}.Release|Any CPU.ActiveCfg = Release|Any CPU
		{4AF74328-BF66-40CE-A232-833EB8A62837}.Release|Any CPU.Build.0 = Release|Any CPU
		{B9FC510B-051A-42D1-B925-E8337A781FCD}.Debug|Any CPU.ActiveCfg = Debug|Any CPU
		{B9FC510B-051A-42D1-B925-E8337A781FCD}.Debug|Any CPU.Build.0 = Debug|Any CPU
		{B9FC510B-051A-42D1-B925-E8337A781FCD}.Release|Any CPU.ActiveCfg = Release|Any CPU
		{B9FC510B-051A-42D1-B925-E8337A781FCD}.Release|Any CPU.Build.0 = Release|Any CPU
	EndGlobalSection
	GlobalSection(SolutionProperties) = preSolution
		HideSolutionNode = FALSE
	EndGlobalSection
	GlobalSection(ExtensibilityGlobals) = postSolution
		SolutionGuid = {014EE524-8999-4255-8329-1B13EC23E0A5}
	EndGlobalSection
EndGlobal
